
Microsoft Visual Studio Solution File, Format Version 12.00
# Visual Studio 15
VisualStudioVersion = 15.0.28307.1622
MinimumVisualStudioVersion = 10.0.40219.1
Project("{FAE04EC0-301F-11D3-BF4B-00C04F79EFBC}") = "Vista", "Vista\Vista.csproj", "{81C64A0F-7065-4135-A89D-88AF7E65D1E4}"
EndProject
Global
	GlobalSection(SolutionConfigurationPlatforms) = preSolution
		Debug|Any CPU = Debug|Any CPU
		Release|Any CPU = Release|Any CPU
	EndGlobalSection
	GlobalSection(ProjectConfigurationPlatforms) = postSolution
		{81C64A0F-7065-4135-A89D-88AF7E65D1E4}.Debug|Any CPU.ActiveCfg = Debug|Any CPU
		{81C64A0F-7065-4135-A89D-88AF7E65D1E4}.Debug|Any CPU.Build.0 = Debug|Any CPU
		{81C64A0F-7065-4135-A89D-88AF7E65D1E4}.Release|Any CPU.ActiveCfg = Release|Any CPU
		{81C64A0F-7065-4135-A89D-88AF7E65D1E4}.Release|Any CPU.Build.0 = Release|Any CPU
	EndGlobalSection
	GlobalSection(SolutionProperties) = preSolution
		HideSolutionNode = FALSE
	EndGlobalSection
	GlobalSection(ExtensibilityGlobals) = postSolution
		SolutionGuid = {1DFF0C6D-B534-4BAD-88F4-F1B815FE8205}
	EndGlobalSection
EndGlobal
