
Microsoft Visual Studio Solution File, Format Version 12.00
# Visual Studio 15
VisualStudioVersion = 15.0.28307.1622
MinimumVisualStudioVersion = 10.0.40219.1
Project("{FAE04EC0-301F-11D3-BF4B-00C04F79EFBC}") = "View", "View\View.csproj", "{8F08418D-3346-4440-B5E3-6922D976D425}"
EndProject
Project("{FAE04EC0-301F-11D3-BF4B-00C04F79EFBC}") = "Controller", "Controller\Controller.csproj", "{A4F2DB8E-72C2-4154-8A72-50D708A291B3}"
EndProject
Project("{FAE04EC0-301F-11D3-BF4B-00C04F79EFBC}") = "Model", "Model\Model.csproj", "{BC4E004C-666A-4170-A6E1-E9331E3E6E49}"
EndProject
Project("{FAE04EC0-301F-11D3-BF4B-00C04F79EFBC}") = "Entity", "Entity\Entity.csproj", "{1C29E848-B44E-4219-A7A7-F6E96D89F6B5}"
EndProject
Global
	GlobalSection(SolutionConfigurationPlatforms) = preSolution
		Debug|Any CPU = Debug|Any CPU
		Release|Any CPU = Release|Any CPU
	EndGlobalSection
	GlobalSection(ProjectConfigurationPlatforms) = postSolution
		{8F08418D-3346-4440-B5E3-6922D976D425}.Debug|Any CPU.ActiveCfg = Debug|Any CPU
		{8F08418D-3346-4440-B5E3-6922D976D425}.Debug|Any CPU.Build.0 = Debug|Any CPU
		{8F08418D-3346-4440-B5E3-6922D976D425}.Release|Any CPU.ActiveCfg = Release|Any CPU
		{8F08418D-3346-4440-B5E3-6922D976D425}.Release|Any CPU.Build.0 = Release|Any CPU
		{A4F2DB8E-72C2-4154-8A72-50D708A291B3}.Debug|Any CPU.ActiveCfg = Debug|Any CPU
		{A4F2DB8E-72C2-4154-8A72-50D708A291B3}.Debug|Any CPU.Build.0 = Debug|Any CPU
		{A4F2DB8E-72C2-4154-8A72-50D708A291B3}.Release|Any CPU.ActiveCfg = Release|Any CPU
		{A4F2DB8E-72C2-4154-8A72-50D708A291B3}.Release|Any CPU.Build.0 = Release|Any CPU
		{BC4E004C-666A-4170-A6E1-E9331E3E6E49}.Debug|Any CPU.ActiveCfg = Debug|Any CPU
		{BC4E004C-666A-4170-A6E1-E9331E3E6E49}.Debug|Any CPU.Build.0 = Debug|Any CPU
		{BC4E004C-666A-4170-A6E1-E9331E3E6E49}.Release|Any CPU.ActiveCfg = Release|Any CPU
		{BC4E004C-666A-4170-A6E1-E9331E3E6E49}.Release|Any CPU.Build.0 = Release|Any CPU
		{1C29E848-B44E-4219-A7A7-F6E96D89F6B5}.Debug|Any CPU.ActiveCfg = Debug|Any CPU
		{1C29E848-B44E-4219-A7A7-F6E96D89F6B5}.Debug|Any CPU.Build.0 = Debug|Any CPU
		{1C29E848-B44E-4219-A7A7-F6E96D89F6B5}.Release|Any CPU.ActiveCfg = Release|Any CPU
		{1C29E848-B44E-4219-A7A7-F6E96D89F6B5}.Release|Any CPU.Build.0 = Release|Any CPU
	EndGlobalSection
	GlobalSection(SolutionProperties) = preSolution
		HideSolutionNode = FALSE
	EndGlobalSection
	GlobalSection(ExtensibilityGlobals) = postSolution
		SolutionGuid = {1DFF0C6D-B534-4BAD-88F4-F1B815FE8205}
	EndGlobalSection
EndGlobal
